
Microsoft Visual Studio Solution File, Format Version 12.00
# Visual Studio Version 17
VisualStudioVersion = 17.3.32825.248
MinimumVisualStudioVersion = 10.0.40219.1
Project("{FAE04EC0-301F-11D3-BF4B-00C04F79EFBC}") = "API-Tutorial", "API-Tutorial\API-Tutorial.csproj", "{1E83855B-66E4-4CD8-84E2-AE2DA6726F5C}"
EndProject
Global
	GlobalSection(SolutionConfigurationPlatforms) = preSolution
		Debug|Any CPU = Debug|Any CPU
		Release|Any CPU = Release|Any CPU
	EndGlobalSection
	GlobalSection(ProjectConfigurationPlatforms) = postSolution
		{1E83855B-66E4-4CD8-84E2-AE2DA6726F5C}.Debug|Any CPU.ActiveCfg = Debug|Any CPU
		{1E83855B-66E4-4CD8-84E2-AE2DA6726F5C}.Debug|Any CPU.Build.0 = Debug|Any CPU
		{1E83855B-66E4-4CD8-84E2-AE2DA6726F5C}.Release|Any CPU.ActiveCfg = Release|Any CPU
		{1E83855B-66E4-4CD8-84E2-AE2DA6726F5C}.Release|Any CPU.Build.0 = Release|Any CPU
	EndGlobalSection
	GlobalSection(SolutionProperties) = preSolution
		HideSolutionNode = FALSE
	EndGlobalSection
	GlobalSection(ExtensibilityGlobals) = postSolution
		SolutionGuid = {F44592EB-9BBE-4433-A7CA-65E117AF90BB}
	EndGlobalSection
EndGlobal
